<Solution>
  <Folder Name="/Drivers/">
    <Project Path="Optosense.Edm.Drivers.Null/Optosense.Edm.Drivers.Null.csproj" />
    <Project Path="Optosense.Edm.Drivers.RestApi/Optosense.Edm.Drivers.RestApi.csproj" />
  </Folder>
  <Folder Name="/Operations/">
    <Project Path="Optosense.Edm.Operations.Optogen/Optosense.Edm.Operations.Optogen.csproj" />
    <Project Path="Optosense.Edm.Operations.Test/Optosense.Edm.Operations.Test.csproj" />
  </Folder>
  <Folder Name="/Plugins/">
    <Project Path="Optosense.Edm.Plugins.OpcUa/Optosense.Edm.Plugins.OpcUa.csproj" />
    <Project Path="Optosense.Edm.Plugins.Operator/Optosense.Edm.Plugins.Operator.csproj" />
  </Folder>
  <Folder Name="/Profiles/">
    <Project Path="Optosense.Edm.Profiles.Board/Optosense.Edm.Profiles.Board.csproj" />
  </Folder>
  <Folder Name="/Solution Items/">
    <File Path="EdmAssemblyInfo.cs" />
  </Folder>
  <Folder Name="/Tests/">
    <Project Path="Edm.IntegrationTests/Edm.IntegrationTests.csproj" />
  </Folder>
  <Folder Name="/Ui/">
    <Project Path="Microprojects.Edm.Ui.Console/Microprojects.Edm.Ui.Console.csproj" />
    <Project Path="Microprojects.Edm.Ui.Logistics/Microprojects.Edm.Ui.Logistics.csproj" />
    <Project Path="Microprojects.Edm.Ui.Technologies/Microprojects.Edm.Ui.Technologies.csproj" />
  </Folder>
  <Project Path="Edm.Test/Edm.Test.csproj">
    <Build Project="false" />
  </Project>
  <Project Path="Edm.WebApi.Client/Edm.WebApi.Client.csproj" />
  <Project Path="Edm/Edm.csproj" />
  <Project Path="Microprojects.Edm.Host/Microprojects.Edm.Host.csproj" />
  <Project Path="Microprojects.Edm.Install/Microprojects.Edm.Install.csproj" />
  <Project Path="Microprojects.Edm.Shared/Microprojects.Edm.Shared.csproj" />
  <Project Path="Optosense.Edm.Setup/Optosense.Edm.Setup.vdproj" Type="Installer">
    <Build Solution="Release|*" />
  </Project>
  <Project Path="Optosense.Edm.Test/Optosense.Edm.Test.csproj">
    <Build Project="false" />
  </Project>
  <Project Path="Optosense.Edm.WebApi/Optosense.Edm.WebApi.csproj" />
</Solution>
